{
  "name": "quasar-app-extension-q-otp",
  "version": "0.1.2",
  "lockfileVersion": 3,
  "requires": true,
  "packages": {
    "": {
      "name": "quasar-app-extension-q-otp",
      "version": "0.1.2",
      "license": "MIT",
      "engines": {
        "node": ">= 16.x",
        "npm": ">= 6.x"
      }
    }
  }
}
