{
  "name": "quasar-app-extension-q-otp",
  "version": "0.1.9",
  "lockfileVersion": 3,
  "requires": true,
  "packages": {
    "": {
      "name": "quasar-app-extension-q-otp",
      "version": "0.1.9",
      "license": "MIT",
      "devDependencies": {
        "typescript": "^6.0.3",
        "vue-tsc": "^3.3.4"
      },
      "engines": {
        "node": ">= 20.x",
        "npm": ">= 6.x"
      },
      "peerDependencies": {
        "quasar": ">=2.20.0",
        "vue": ">=3.5.38"
      }
    },
    "node_modules/@babel/helper-string-parser": {
      "version": "7.29.7",
      "license": "MIT",
      "engines": {
        "node": ">=6.9.0"
      }
    },
    "node_modules/@babel/helper-validator-identifier": {
      "version": "7.29.7",
      "license": "MIT",
      "engines": {
        "node": ">=6.9.0"
      }
    },
    "node_modules/@babel/parser": {
      "version": "7.29.7",
      "license": "MIT",
      "dependencies": {
        "@babel/types": "^7.29.7"
      },
      "bin": {
        "parser": "bin/babel-parser.js"
      },
      "engines": {
        "node": ">=6.0.0"
      }
    },
    "node_modules/@babel/types": {
      "version": "7.29.7",
      "license": "MIT",
      "dependencies": {
        "@babel/helper-string-parser": "^7.29.7",
        "@babel/helper-validator-identifier": "^7.29.7"
      },
      "engines": {
        "node": ">=6.9.0"
      }
    },
    "node_modules/@jridgewell/sourcemap-codec": {
      "version": "1.5.5",
      "license": "MIT",
      "peer": true
    },
    "node_modules/@volar/language-core": {
      "version": "2.4.28",
      "dev": true,
      "license": "MIT",
      "dependencies": {
        "@volar/source-map": "2.4.28"
      }
    },
    "node_modules/@volar/source-map": {
      "version": "2.4.28",
      "dev": true,
      "license": "MIT"
    },
    "node_modules/@volar/typescript": {
      "version": "2.4.28",
      "dev": true,
      "license": "MIT",
      "dependencies": {
        "@volar/language-core": "2.4.28",
        "path-browserify": "^1.0.1",
        "vscode-uri": "^3.0.8"
      }
    },
    "node_modules/@vue/compiler-core": {
      "version": "3.5.39",
      "license": "MIT",
      "dependencies": {
        "@babel/parser": "^7.29.7",
        "@vue/shared": "3.5.39",
        "entities": "^7.0.1",
        "estree-walker": "^2.0.2",
        "source-map-js": "^1.2.1"
      }
    },
    "node_modules/@vue/compiler-dom": {
      "version": "3.5.39",
      "license": "MIT",
      "dependencies": {
        "@vue/compiler-core": "3.5.39",
        "@vue/shared": "3.5.39"
      }
    },
    "node_modules/@vue/compiler-sfc": {
      "version": "3.5.39",
      "license": "MIT",
      "peer": true,
      "dependencies": {
        "@babel/parser": "^7.29.7",
        "@vue/compiler-core": "3.5.39",
        "@vue/compiler-dom": "3.5.39",
        "@vue/compiler-ssr": "3.5.39",
        "@vue/shared": "3.5.39",
        "estree-walker": "^2.0.2",
        "magic-string": "^0.30.21",
        "postcss": "^8.5.15",
        "source-map-js": "^1.2.1"
      }
    },
    "node_modules/@vue/compiler-ssr": {
      "version": "3.5.39",
      "license": "MIT",
      "peer": true,
      "dependencies": {
        "@vue/compiler-dom": "3.5.39",
        "@vue/shared": "3.5.39"
      }
    },
    "node_modules/@vue/language-core": {
      "version": "3.3.6",
      "dev": true,
      "license": "MIT",
      "dependencies": {
        "@volar/language-core": "2.4.28",
        "@vue/compiler-dom": "^3.5.0",
        "@vue/shared": "^3.5.0",
        "alien-signals": "^3.2.0",
        "muggle-string": "^0.4.1",
        "path-browserify": "^1.0.1",
        "picomatch": "^4.0.4"
      }
    },
    "node_modules/@vue/reactivity": {
      "version": "3.5.39",
      "license": "MIT",
      "peer": true,
      "dependencies": {
        "@vue/shared": "3.5.39"
      }
    },
    "node_modules/@vue/runtime-core": {
      "version": "3.5.39",
      "license": "MIT",
      "peer": true,
      "dependencies": {
        "@vue/reactivity": "3.5.39",
        "@vue/shared": "3.5.39"
      }
    },
    "node_modules/@vue/runtime-dom": {
      "version": "3.5.39",
      "license": "MIT",
      "peer": true,
      "dependencies": {
        "@vue/reactivity": "3.5.39",
        "@vue/runtime-core": "3.5.39",
        "@vue/shared": "3.5.39",
        "csstype": "^3.2.3"
      }
    },
    "node_modules/@vue/server-renderer": {
      "version": "3.5.39",
      "license": "MIT",
      "peer": true,
      "dependencies": {
        "@vue/compiler-ssr": "3.5.39",
        "@vue/shared": "3.5.39"
      },
      "peerDependencies": {
        "vue": "3.5.39"
      }
    },
    "node_modules/@vue/shared": {
      "version": "3.5.39",
      "license": "MIT"
    },
    "node_modules/alien-signals": {
      "version": "3.2.1",
      "dev": true,
      "license": "MIT"
    },
    "node_modules/csstype": {
      "version": "3.2.3",
      "license": "MIT",
      "peer": true
    },
    "node_modules/entities": {
      "version": "7.0.1",
      "license": "BSD-2-Clause",
      "engines": {
        "node": ">=0.12"
      },
      "funding": {
        "url": "https://github.com/fb55/entities?sponsor=1"
      }
    },
    "node_modules/estree-walker": {
      "version": "2.0.2",
      "license": "MIT"
    },
    "node_modules/magic-string": {
      "version": "0.30.21",
      "license": "MIT",
      "peer": true,
      "dependencies": {
        "@jridgewell/sourcemap-codec": "^1.5.5"
      }
    },
    "node_modules/muggle-string": {
      "version": "0.4.1",
      "dev": true,
      "license": "MIT"
    },
    "node_modules/nanoid": {
      "version": "3.3.15",
      "funding": [
        {
          "type": "github",
          "url": "https://github.com/sponsors/ai"
        }
      ],
      "license": "MIT",
      "peer": true,
      "bin": {
        "nanoid": "bin/nanoid.cjs"
      },
      "engines": {
        "node": "^10 || ^12 || ^13.7 || ^14 || >=15.0.1"
      }
    },
    "node_modules/path-browserify": {
      "version": "1.0.1",
      "dev": true,
      "license": "MIT"
    },
    "node_modules/picocolors": {
      "version": "1.1.1",
      "license": "ISC",
      "peer": true
    },
    "node_modules/picomatch": {
      "version": "4.0.5",
      "dev": true,
      "license": "MIT",
      "engines": {
        "node": ">=12"
      },
      "funding": {
        "url": "https://github.com/sponsors/jonschlinkert"
      }
    },
    "node_modules/postcss": {
      "version": "8.5.16",
      "funding": [
        {
          "type": "opencollective",
          "url": "https://opencollective.com/postcss/"
        },
        {
          "type": "tidelift",
          "url": "https://tidelift.com/funding/github/npm/postcss"
        },
        {
          "type": "github",
          "url": "https://github.com/sponsors/ai"
        }
      ],
      "license": "MIT",
      "peer": true,
      "dependencies": {
        "nanoid": "^3.3.12",
        "picocolors": "^1.1.1",
        "source-map-js": "^1.2.1"
      },
      "engines": {
        "node": "^10 || ^12 || >=14"
      }
    },
    "node_modules/quasar": {
      "version": "2.21.1",
      "license": "MIT",
      "peer": true,
      "engines": {
        "node": ">= 10.18.1",
        "npm": ">= 6.13.4",
        "yarn": ">= 1.21.1"
      },
      "funding": {
        "type": "github",
        "url": "https://donate.quasar.dev"
      }
    },
    "node_modules/source-map-js": {
      "version": "1.2.1",
      "license": "BSD-3-Clause",
      "engines": {
        "node": ">=0.10.0"
      }
    },
    "node_modules/typescript": {
      "version": "6.0.3",
      "devOptional": true,
      "license": "Apache-2.0",
      "bin": {
        "tsc": "bin/tsc",
        "tsserver": "bin/tsserver"
      },
      "engines": {
        "node": ">=14.17"
      }
    },
    "node_modules/vscode-uri": {
      "version": "3.1.0",
      "dev": true,
      "license": "MIT"
    },
    "node_modules/vue": {
      "version": "3.5.39",
      "license": "MIT",
      "peer": true,
      "dependencies": {
        "@vue/compiler-dom": "3.5.39",
        "@vue/compiler-sfc": "3.5.39",
        "@vue/runtime-dom": "3.5.39",
        "@vue/server-renderer": "3.5.39",
        "@vue/shared": "3.5.39"
      },
      "peerDependencies": {
        "typescript": "*"
      },
      "peerDependenciesMeta": {
        "typescript": {
          "optional": true
        }
      }
    },
    "node_modules/vue-tsc": {
      "version": "3.3.6",
      "dev": true,
      "license": "MIT",
      "dependencies": {
        "@volar/typescript": "2.4.28",
        "@vue/language-core": "3.3.6"
      },
      "bin": {
        "vue-tsc": "bin/vue-tsc.js"
      },
      "peerDependencies": {
        "typescript": ">=5.0.0"
      }
    }
  }
}
