{
  "name": "quasar-app-extension-q-otp",
  "version": "0.1.7",
  "lockfileVersion": 3,
  "requires": true,
  "packages": {
    "": {
      "name": "quasar-app-extension-q-otp",
      "version": "0.1.7",
      "license": "MIT",
      "peerDependencies": {
        "quasar": ">=2.20.0",
        "vue": ">=3.5.38"
      },
      "engines": {
        "node": ">= 20.x",
        "npm": ">= 6.x"
      }
    }
  }
}
